<Solution>
  <Project Path="src/App/App.csproj" />
  <Project Path="src/App.Host/App.Host.csproj" /> 
  <Project Path="src/App.Native/App.Native.csproj" />
  <Project Path="src/App.SourceGen/App.SourceGen.csproj" />
  <Project Path="src/Client/Client.csproj" />
  <Project Path="../Shared/Api/Api.csproj" />
</Solution>
